// !$*UTF8*$!
{
	archiveVersion = 1;
	classes = {
	};
	objectVersion = 50;
	objects = {

/* Begin PBXBuildFile section */
		DD152FD823D8B0CA005E5C72 /* roundedButtons.swift in Sources */ = {isa = PBXBuildFile; fileRef = DD152FD723D8B0CA005E5C72 /* roundedButtons.swift */; };
		DD44AF3423D7290300008746 /* AppDelegate.swift in Sources */ = {isa = PBXBuildFile; fileRef = DD44AF3323D7290300008746 /* AppDelegate.swift */; };
		DD44AF3623D7290300008746 /* ViewController.swift in Sources */ = {isa = PBXBuildFile; fileRef = DD44AF3523D7290300008746 /* ViewController.swift */; };
		DD44AF3923D7290300008746 /* Main.storyboard in Resources */ = {isa = PBXBuildFile; fileRef = DD44AF3723D7290300008746 /* Main.storyboard */; };
		DD44AF3B23D7290300008746 /* Assets.xcassets in Resources */ = {isa = PBXBuildFile; fileRef = DD44AF3A23D7290300008746 /* Assets.xcassets */; };
		DD44AF3E23D7290300008746 /* LaunchScreen.storyboard in Resources */ = {isa = PBXBuildFile; fileRef = DD44AF3C23D7290300008746 /* LaunchScreen.storyboard */; };
		DDC19CE223D9E6930065F67A /* 93366 (1).jpg in Resources */ = {isa = PBXBuildFile; fileRef = DDC19CE123D9E6930065F67A /* 93366 (1).jpg */; };
/* End PBXBuildFile section */

/* Begin PBXFileReference section */
		DD152FD723D8B0CA005E5C72 /* roundedButtons.swift */ = {isa = PBXFileReference; lastKnownFileType = sourcecode.swift; path = roundedButtons.swift; sourceTree = "<group>"; };
		DD44AF3023D7290300008746 /* ADGRITPRJ.app */ = {isa = PBXFileReference; explicitFileType = wrapper.application; includeInIndex = 0; path = ADGRITPRJ.app; sourceTree = BUILT_PRODUCTS_DIR; };
		DD44AF3323D7290300008746 /* AppDelegate.swift */ = {isa = PBXFileReference; lastKnownFileType = sourcecode.swift; path = AppDelegate.swift; sourceTree = "<group>"; };
		DD44AF3523D7290300008746 /* ViewController.swift */ = {isa = PBXFileReference; lastKnownFileType = sourcecode.swift; path = ViewController.swift; sourceTree = "<group>"; };
		DD44AF3823D7290300008746 /* Base */ = {isa = PBXFileReference; lastKnownFileType = file.storyboard; name = Base; path = Base.lproj/Main.storyboard; sourceTree = "<group>"; };
		DD44AF3A23D7290300008746 /* Assets.xcassets */ = {isa = PBXFileReference; lastKnownFileType = folder.assetcatalog; path = Assets.xcassets; sourceTree = "<group>"; };
		DD44AF3D23D7290300008746 /* Base */ = {isa = PBXFileReference; lastKnownFileType = file.storyboard; name = Base; path = Base.lproj/LaunchScreen.storyboard; sourceTree = "<group>"; };
		DD44AF3F23D7290300008746 /* Info.plist */ = {isa = PBXFileReference; lastKnownFileType = text.plist.xml; path = Info.plist; sourceTree = "<group>"; };
		DDC19CE123D9E6930065F67A /* 93366 (1).jpg */ = {isa = PBXFileReference; lastKnownFileType = image.jpeg; path = "93366 (1).jpg"; sourceTree = "<group>"; };
/* End PBXFileReference section */

/* Begin PBXFrameworksBuildPhase section */
		DD44AF2D23D7290300008746 /* Frameworks */ = {
			isa = PBXFrameworksBuildPhase;
			buildActionMask = 2147483647;
			files = (
			);
			runOnlyForDeploymentPostprocessing = 0;
		};
/* End PBXFrameworksBuildPhase section */

/* Begin PBXGroup section */
		DD44AF2723D7290300008746 = {
			isa = PBXGroup;
			children = (
				DD44AF3223D7290300008746 /* ADGRITPRJ */,
				DD44AF3123D7290300008746 /* Products */,
			);
			sourceTree = "<group>";
		};
		DD44AF3123D7290300008746 /* Products */ = {
			isa = PBXGroup;
			children = (
				DD44AF3023D7290300008746 /* ADGRITPRJ.app */,
			);
			name = Products;
			sourceTree = "<group>";
		};
		DD44AF3223D7290300008746 /* ADGRITPRJ */ = {
			isa = PBXGroup;
			children = (
				DD152FD723D8B0CA005E5C72 /* roundedButtons.swift */,
				DD44AF3323D7290300008746 /* AppDelegate.swift */,
				DD44AF3523D7290300008746 /* ViewController.swift */,
				DD44AF3723D7290300008746 /* Main.storyboard */,
				DD44AF3A23D7290300008746 /* Assets.xcassets */,
				DDC19CE123D9E6930065F67A /* 93366 (1).jpg */,
				DD44AF3C23D7290300008746 /* LaunchScreen.storyboard */,
				DD44AF3F23D7290300008746 /* Info.plist */,
			);
			path = ADGRITPRJ;
			sourceTree = "<group>";
		};
/* End PBXGroup section */

/* Begin PBXNativeTarget section */
		DD44AF2F23D7290300008746 /* ADGRITPRJ */ = {
			isa = PBXNativeTarget;
			buildConfigurationList = DD44AF4223D7290300008746 /* Build configuration list for PBXNativeTarget "ADGRITPRJ" */;
			buildPhases = (
				DD44AF2C23D7290300008746 /* Sources */,
				DD44AF2D23D7290300008746 /* Frameworks */,
				DD44AF2E23D7290300008746 /* Resources */,
			);
			buildRules = (
			);
			dependencies = (
			);
			name = ADGRITPRJ;
			productName = ADGRITPRJ;
			productReference = DD44AF3023D7290300008746 /* ADGRITPRJ.app */;
			productType = "com.apple.product-type.application";
		};
/* End PBXNativeTarget section */

/* Begin PBXProject section */
		DD44AF2823D7290300008746 /* Project object */ = {
			isa = PBXProject;
			attributes = {
				LastSwiftUpdateCheck = 1030;
				LastUpgradeCheck = 1030;
				ORGANIZATIONNAME = navdeep;
				TargetAttributes = {
					DD44AF2F23D7290300008746 = {
						CreatedOnToolsVersion = 10.3;
					};
				};
			};
			buildConfigurationList = DD44AF2B23D7290300008746 /* Build configuration list for PBXProject "ADGRITPRJ" */;
			compatibilityVersion = "Xcode 9.3";
			developmentRegion = en;
			hasScannedForEncodings = 0;
			knownRegions = (
				en,
				Base,
			);
			mainGroup = DD44AF2723D7290300008746;
			productRefGroup = DD44AF3123D7290300008746 /* Products */;
			projectDirPath = "";
			projectRoot = "";
			targets = (
				DD44AF2F23D7290300008746 /* ADGRITPRJ */,
			);
		};
/* End PBXProject section */

/* Begin PBXResourcesBuildPhase section */
		DD44AF2E23D7290300008746 /* Resources */ = {
			isa = PBXResourcesBuildPhase;
			buildActionMask = 2147483647;
			files = (
				DD44AF3E23D7290300008746 /* LaunchScreen.storyboard in Resources */,
				DDC19CE223D9E6930065F67A /* 93366 (1).jpg in Resources */,
				DD44AF3B23D7290300008746 /* Assets.xcassets in Resources */,
				DD44AF3923D7290300008746 /* Main.storyboard in Resources */,
			);
			runOnlyForDeploymentPostprocessing = 0;
		};
/* End PBXResourcesBuildPhase section */

/* Begin PBXSourcesBuildPhase section */
		DD44AF2C23D7290300008746 /* Sources */ = {
			isa = PBXSourcesBuildPhase;
			buildActionMask = 2147483647;
			files = (
				DD44AF3623D7290300008746 /* ViewController.swift in Sources */,
				DD152FD823D8B0CA005E5C72 /* roundedButtons.swift in Sources */,
				DD44AF3423D7290300008746 /* AppDelegate.swift in Sources */,
			);
			runOnlyForDeploymentPostprocessing = 0;
		};
/* End PBXSourcesBuildPhase section */

/* Begin PBXVariantGroup section */
		DD44AF3723D7290300008746 /* Main.storyboard */ = {
			isa = PBXVariantGroup;
			children = (
				DD44AF3823D7290300008746 /* Base */,
			);
			name = Main.storyboard;
			sourceTree = "<group>";
		};
		DD44AF3C23D7290300008746 /* LaunchScreen.storyboard */ = {
			isa = PBXVariantGroup;
			children = (
				DD44AF3D23D7290300008746 /* Base */,
			);
			name = LaunchScreen.storyboard;
			sourceTree = "<group>";
		};
/* End PBXVariantGroup section */

/* Begin XCBuildConfiguration section */
		DD44AF4023D7290300008746 /* Debug */ = {
			isa = XCBuildConfiguration;
			buildSettings = {
				ALWAYS_SEARCH_USER_PATHS = NO;
				CLANG_ANALYZER_NONNULL = YES;
				CLANG_ANALYZER_NUMBER_OBJECT_CONVERSION = YES_AGGRESSIVE;
				CLANG_CXX_LANGUAGE_STANDARD = "gnu++14";
				CLANG_CXX_LIBRARY = "libc++";
				CLANG_ENABLE_MODULES = YES;
				CLANG_ENABLE_OBJC_ARC = YES;
				CLANG_ENABLE_OBJC_WEAK = YES;
				CLANG_WARN_BLOCK_CAPTURE_AUTORELEASING = YES;
				CLANG_WARN_BOOL_CONVERSION = YES;
				CLANG_WARN_COMMA = YES;
				CLANG_WARN_CONSTANT_CONVERSION = YES;
				CLANG_WARN_DEPRECATED_OBJC_IMPLEMENTATIONS = YES;
				CLANG_WARN_DIRECT_OBJC_ISA_USAGE = YES_ERROR;
				CLANG_WARN_DOCUMENTATION_COMMENTS = YES;
				CLANG_WARN_EMPTY_BODY = YES;
				CLANG_WARN_ENUM_CONVERSION = YES;
				CLANG_WARN_INFINITE_RECURSION = YES;
				CLANG_WARN_INT_CONVERSION = YES;
				CLANG_WARN_NON_LITERAL_NULL_CONVERSION = YES;
				CLANG_WARN_OBJC_IMPLICIT_RETAIN_SELF = YES;
				CLANG_WARN_OBJC_LITERAL_CONVERSION = YES;
				CLANG_WARN_OBJC_ROOT_CLASS = YES_ERROR;
				CLANG_WARN_RANGE_LOOP_ANALYSIS = YES;
				CLANG_WARN_STRICT_PROTOTYPES = YES;
				CLANG_WARN_SUSPICIOUS_MOVE = YES;
				CLANG_WARN_UNGUARDED_AVAILABILITY = YES_AGGRESSIVE;
				CLANG_WARN_UNREACHABLE_CODE = YES;
				CLANG_WARN__DUPLICATE_METHOD_MATCH = YES;
				CODE_SIGN_IDENTITY = "iPhone Developer";
				COPY_PHASE_STRIP = NO;
				DEBUG_INFORMATION_FORMAT = dwarf;
				ENABLE_STRICT_OBJC_MSGSEND = YES;
				ENABLE_TESTABILITY = YES;
				GCC_C_LANGUAGE_STANDARD = gnu11;
				GCC_DYNAMIC_NO_PIC = NO;
				GCC_NO_COMMON_BLOCKS = YES;
				GCC_OPTIMIZATION_LEVEL = 0;
				GCC_PREPROCESSOR_DEFINITIONS = (
					"DEBUG=1",
					"$(inherited)",
				);
				GCC_WARN_64_TO_32_BIT_CONVERSION = YES;
				GCC_WARN_ABOUT_RETURN_TYPE = YES_ERROR;
				GCC_WARN_UNDECLARED_SELECTOR = YES;
				GCC_WARN_UNINITIALIZED_AUTOS = YES_AGGRESSIVE;
				GCC_WARN_UNUSED_FUNCTION = YES;
				GCC_WARN_UNUSED_VARIABLE = YES;
				IPHONEOS_DEPLOYMENT_TARGET = 12.4;
				MTL_ENABLE_DEBUG_INFO = INCLUDE_SOURCE;
				MTL_FAST_MATH = YES;
				ONLY_ACTIVE_ARCH = YES;
				SDKROOT = iphoneos;
				SWIFT_ACTIVE_COMPILATION_CONDITIONS = DEBUG;
				SWIFT_OPTIMIZATION_LEVEL = "-Onone";
			};
			name = Debug;
		};
		DD44AF4123D7290300008746 /* Release */ = {
			isa = XCBuildConfiguration;
			buildSettings = {
				ALWAYS_SEARCH_USER_PATHS = NO;
				CLANG_ANALYZER_NONNULL = YES;
				CLANG_ANALYZER_NUMBER_OBJECT_CONVERSION = YES_AGGRESSIVE;
				CLANG_CXX_LANGUAGE_STANDARD = "gnu++14";
				CLANG_CXX_LIBRARY = "libc++";
				CLANG_ENABLE_MODULES = YES;
				CLANG_ENABLE_OBJC_ARC = YES;
				CLANG_ENABLE_OBJC_WEAK = YES;
				CLANG_WARN_BLOCK_CAPTURE_AUTORELEASING = YES;
				CLANG_WARN_BOOL_CONVERSION = YES;
				CLANG_WARN_COMMA = YES;
				CLANG_WARN_CONSTANT_CONVERSION = YES;
				CLANG_WARN_DEPRECATED_OBJC_IMPLEMENTATIONS = YES;
				CLANG_WARN_DIRECT_OBJC_ISA_USAGE = YES_ERROR;
				CLANG_WARN_DOCUMENTATION_COMMENTS = YES;
				CLANG_WARN_EMPTY_BODY = YES;
				CLANG_WARN_ENUM_CONVERSION = YES;
				CLANG_WARN_INFINITE_RECURSION = YES;
				CLANG_WARN_INT_CONVERSION = YES;
				CLANG_WARN_NON_LITERAL_NULL_CONVERSION = YES;
				CLANG_WARN_OBJC_IMPLICIT_RETAIN_SELF = YES;
				CLANG_WARN_OBJC_LITERAL_CONVERSION = YES;
				CLANG_WARN_OBJC_ROOT_CLASS = YES_ERROR;
				CLANG_WARN_RANGE_LOOP_ANALYSIS = YES;
				CLANG_WARN_STRICT_PROTOTYPES = YES;
				CLANG_WARN_SUSPICIOUS_MOVE = YES;
				CLANG_WARN_UNGUARDED_AVAILABILITY = YES_AGGRESSIVE;
				CLANG_WARN_UNREACHABLE_CODE = YES;
				CLANG_WARN__DUPLICATE_METHOD_MATCH = YES;
				CODE_SIGN_IDENTITY = "iPhone Developer";
				COPY_PHASE_STRIP = NO;
				DEBUG_INFORMATION_FORMAT = "dwarf-with-dsym";
				ENABLE_NS_ASSERTIONS = NO;
				ENABLE_STRICT_OBJC_MSGSEND = YES;
				GCC_C_LANGUAGE_STANDARD = gnu11;
				GCC_NO_COMMON_BLOCKS = YES;
				GCC_WARN_64_TO_32_BIT_CONVERSION = YES;
				GCC_WARN_ABOUT_RETURN_TYPE = YES_ERROR;
				GCC_WARN_UNDECLARED_SELECTOR = YES;
				GCC_WARN_UNINITIALIZED_AUTOS = YES_AGGRESSIVE;
				GCC_WARN_UNUSED_FUNCTION = YES;
				GCC_WARN_UNUSED_VARIABLE = YES;
				IPHONEOS_DEPLOYMENT_TARGET = 12.4;
				MTL_ENABLE_DEBUG_INFO = NO;
				MTL_FAST_MATH = YES;
				SDKROOT = iphoneos;
				SWIFT_COMPILATION_MODE = wholemodule;
				SWIFT_OPTIMIZATION_LEVEL = "-O";
				VALIDATE_PRODUCT = YES;
			};
			name = Release;
		};
		DD44AF4323D7290300008746 /* Debug */ = {
			isa = XCBuildConfiguration;
			buildSettings = {
				ASSETCATALOG_COMPILER_APPICON_NAME = AppIcon;
				CODE_SIGN_STYLE = Automatic;
				DEVELOPMENT_TEAM = 22VTD47A5Q;
				INFOPLIST_FILE = ADGRITPRJ/Info.plist;
				LD_RUNPATH_SEARCH_PATHS = (
					"$(inherited)",
					"@executable_path/Frameworks",
				);
				PRODUCT_BUNDLE_IDENTIFIER = navii.pt;
				PRODUCT_NAME = "$(TARGET_NAME)";
				SWIFT_VERSION = 5.0;
				TARGETED_DEVICE_FAMILY = "1,2";
			};
			name = Debug;
		};
		DD44AF4423D7290300008746 /* Release */ = {
			isa = XCBuildConfiguration;
			buildSettings = {
				ASSETCATALOG_COMPILER_APPICON_NAME = AppIcon;
				CODE_SIGN_STYLE = Automatic;
				DEVELOPMENT_TEAM = 22VTD47A5Q;
				INFOPLIST_FILE = ADGRITPRJ/Info.plist;
				LD_RUNPATH_SEARCH_PATHS = (
					"$(inherited)",
					"@executable_path/Frameworks",
				);
				PRODUCT_BUNDLE_IDENTIFIER = navii.pt;
				PRODUCT_NAME = "$(TARGET_NAME)";
				SWIFT_VERSION = 5.0;
				TARGETED_DEVICE_FAMILY = "1,2";
			};
			name = Release;
		};
/* End XCBuildConfiguration section */

/* Begin XCConfigurationList section */
		DD44AF2B23D7290300008746 /* Build configuration list for PBXProject "ADGRITPRJ" */ = {
			isa = XCConfigurationList;
			buildConfigurations = (
				DD44AF4023D7290300008746 /* Debug */,
				DD44AF4123D7290300008746 /* Release */,
			);
			defaultConfigurationIsVisible = 0;
			defaultConfigurationName = Release;
		};
		DD44AF4223D7290300008746 /* Build configuration list for PBXNativeTarget "ADGRITPRJ" */ = {
			isa = XCConfigurationList;
			buildConfigurations = (
				DD44AF4323D7290300008746 /* Debug */,
				DD44AF4423D7290300008746 /* Release */,
			);
			defaultConfigurationIsVisible = 0;
			defaultConfigurationName = Release;
		};
/* End XCConfigurationList section */
	};
	rootObject = DD44AF2823D7290300008746 /* Project object */;
}
